
Microsoft Visual Studio Solution File, Format Version 12.00
# Visual Studio Version 17
VisualStudioVersion = 17.8.34330.188
MinimumVisualStudioVersion = 10.0.40219.1
Project("{9A19103F-16F7-4668-BE54-9A1E7A4F7556}") = "ReactVeloShop.Server", "ReactVeloShop.Server\ReactVeloShop.Server.csproj", "{3A7C0743-242B-4159-973E-66BF4E0D3304}"
EndProject
Project("{54A90642-561A-4BB1-A94E-469ADEE60C69}") = "reactveloshop.client", "reactveloshop.client\reactveloshop.client.esproj", "{0AA124C7-9AA6-4F0E-A506-FC599873DA3D}"
EndProject
Project("{9A19103F-16F7-4668-BE54-9A1E7A4F7556}") = "Data.Sql", "Data.Sql\Data.Sql.csproj", "{F6DA1892-EBAF-4405-BC5C-07709B9A2E9D}"
EndProject
Project("{9A19103F-16F7-4668-BE54-9A1E7A4F7556}") = "Data.Interface", "Data.Interface\Data.Interface.csproj", "{C8979D6A-FA68-4B4C-BCC7-162B802CAD34}"
EndProject
Project("{9A19103F-16F7-4668-BE54-9A1E7A4F7556}") = "Data.Services", "Data.Services\Data.Services.csproj", "{A399EAF1-4801-4A9E-8452-9914BD09134D}"
EndProject
Project("{FAE04EC0-301F-11D3-BF4B-00C04F79EFBC}") = "UnitTests", "UnitTests\UnitTests.csproj", "{7312EC70-B9FC-4181-A447-9C5CBFB6F4BD}"
EndProject
Global
	GlobalSection(SolutionConfigurationPlatforms) = preSolution
		Debug|Any CPU = Debug|Any CPU
		Release|Any CPU = Release|Any CPU
	EndGlobalSection
	GlobalSection(ProjectConfigurationPlatforms) = postSolution
		{3A7C0743-242B-4159-973E-66BF4E0D3304}.Debug|Any CPU.ActiveCfg = Debug|Any CPU
		{3A7C0743-242B-4159-973E-66BF4E0D3304}.Debug|Any CPU.Build.0 = Debug|Any CPU
		{3A7C0743-242B-4159-973E-66BF4E0D3304}.Release|Any CPU.ActiveCfg = Release|Any CPU
		{3A7C0743-242B-4159-973E-66BF4E0D3304}.Release|Any CPU.Build.0 = Release|Any CPU
		{0AA124C7-9AA6-4F0E-A506-FC599873DA3D}.Debug|Any CPU.ActiveCfg = Debug|Any CPU
		{0AA124C7-9AA6-4F0E-A506-FC599873DA3D}.Debug|Any CPU.Build.0 = Debug|Any CPU
		{0AA124C7-9AA6-4F0E-A506-FC599873DA3D}.Debug|Any CPU.Deploy.0 = Debug|Any CPU
		{0AA124C7-9AA6-4F0E-A506-FC599873DA3D}.Release|Any CPU.ActiveCfg = Release|Any CPU
		{0AA124C7-9AA6-4F0E-A506-FC599873DA3D}.Release|Any CPU.Build.0 = Release|Any CPU
		{0AA124C7-9AA6-4F0E-A506-FC599873DA3D}.Release|Any CPU.Deploy.0 = Release|Any CPU
		{F6DA1892-EBAF-4405-BC5C-07709B9A2E9D}.Debug|Any CPU.ActiveCfg = Debug|Any CPU
		{F6DA1892-EBAF-4405-BC5C-07709B9A2E9D}.Debug|Any CPU.Build.0 = Debug|Any CPU
		{F6DA1892-EBAF-4405-BC5C-07709B9A2E9D}.Release|Any CPU.ActiveCfg = Release|Any CPU
		{F6DA1892-EBAF-4405-BC5C-07709B9A2E9D}.Release|Any CPU.Build.0 = Release|Any CPU
		{C8979D6A-FA68-4B4C-BCC7-162B802CAD34}.Debug|Any CPU.ActiveCfg = Debug|Any CPU
		{C8979D6A-FA68-4B4C-BCC7-162B802CAD34}.Debug|Any CPU.Build.0 = Debug|Any CPU
		{C8979D6A-FA68-4B4C-BCC7-162B802CAD34}.Release|Any CPU.ActiveCfg = Release|Any CPU
		{C8979D6A-FA68-4B4C-BCC7-162B802CAD34}.Release|Any CPU.Build.0 = Release|Any CPU
		{A399EAF1-4801-4A9E-8452-9914BD09134D}.Debug|Any CPU.ActiveCfg = Debug|Any CPU
		{A399EAF1-4801-4A9E-8452-9914BD09134D}.Debug|Any CPU.Build.0 = Debug|Any CPU
		{A399EAF1-4801-4A9E-8452-9914BD09134D}.Release|Any CPU.ActiveCfg = Release|Any CPU
		{A399EAF1-4801-4A9E-8452-9914BD09134D}.Release|Any CPU.Build.0 = Release|Any CPU
		{7312EC70-B9FC-4181-A447-9C5CBFB6F4BD}.Debug|Any CPU.ActiveCfg = Debug|Any CPU
		{7312EC70-B9FC-4181-A447-9C5CBFB6F4BD}.Debug|Any CPU.Build.0 = Debug|Any CPU
		{7312EC70-B9FC-4181-A447-9C5CBFB6F4BD}.Release|Any CPU.ActiveCfg = Release|Any CPU
		{7312EC70-B9FC-4181-A447-9C5CBFB6F4BD}.Release|Any CPU.Build.0 = Release|Any CPU
	EndGlobalSection
	GlobalSection(SolutionProperties) = preSolution
		HideSolutionNode = FALSE
	EndGlobalSection
	GlobalSection(ExtensibilityGlobals) = postSolution
		SolutionGuid = {85FF3800-80BB-4816-9235-B227D6B0CC10}
	EndGlobalSection
EndGlobal
